
Microsoft Visual Studio Solution File, Format Version 12.00
# Visual Studio Version 17
VisualStudioVersion = 17.1.32414.318
MinimumVisualStudioVersion = 10.0.40219.1
Project("{9A19103F-16F7-4668-BE54-9A1E7A4F7556}") = "StatsBro", "StatsBro\StatsBro.csproj", "{7F357865-2216-47C5-B944-72727555D5E2}"
EndProject
Project("{9A19103F-16F7-4668-BE54-9A1E7A4F7556}") = "StatsBro.Domain", "StatsBro.Domain\StatsBro.Domain.csproj", "{81EFA427-83C3-43AC-9F3F-35D7B4C2045F}"
EndProject
Project("{9A19103F-16F7-4668-BE54-9A1E7A4F7556}") = "StatsBro.Processor.Console", "StatsBro.Processor.Console\StatsBro.Processor.Console.csproj", "{BE486BCC-5EA1-48E2-B1CC-9D29D562F680}"
EndProject
Project("{9A19103F-16F7-4668-BE54-9A1E7A4F7556}") = "StatsBro.Panel", "StatsBro.Panel\StatsBro.Panel.csproj", "{E7E3B084-678E-4EA0-905F-55E92D840D3F}"
EndProject
Project("{9A19103F-16F7-4668-BE54-9A1E7A4F7556}") = "StatsBro.Storage", "StatsBro.Storage\StatsBro.Storage.csproj", "{252436A0-A606-43CF-94C2-D1AE7676D40E}"
EndProject
Project("{FAE04EC0-301F-11D3-BF4B-00C04F79EFBC}") = "StatsBro.DataGeneratorApp", "StatsBro.DataGeneratorApp\StatsBro.DataGeneratorApp.csproj", "{DA9C25BE-2D80-489B-9602-FA34CB4A4812}"
EndProject
Global
	GlobalSection(SolutionConfigurationPlatforms) = preSolution
		Debug|Any CPU = Debug|Any CPU
		Release|Any CPU = Release|Any CPU
	EndGlobalSection
	GlobalSection(ProjectConfigurationPlatforms) = postSolution
		{7F357865-2216-47C5-B944-72727555D5E2}.Debug|Any CPU.ActiveCfg = Debug|Any CPU
		{7F357865-2216-47C5-B944-72727555D5E2}.Debug|Any CPU.Build.0 = Debug|Any CPU
		{7F357865-2216-47C5-B944-72727555D5E2}.Release|Any CPU.ActiveCfg = Release|Any CPU
		{7F357865-2216-47C5-B944-72727555D5E2}.Release|Any CPU.Build.0 = Release|Any CPU
		{81EFA427-83C3-43AC-9F3F-35D7B4C2045F}.Debug|Any CPU.ActiveCfg = Debug|Any CPU
		{81EFA427-83C3-43AC-9F3F-35D7B4C2045F}.Debug|Any CPU.Build.0 = Debug|Any CPU
		{81EFA427-83C3-43AC-9F3F-35D7B4C2045F}.Release|Any CPU.ActiveCfg = Release|Any CPU
		{81EFA427-83C3-43AC-9F3F-35D7B4C2045F}.Release|Any CPU.Build.0 = Release|Any CPU
		{BE486BCC-5EA1-48E2-B1CC-9D29D562F680}.Debug|Any CPU.ActiveCfg = Debug|Any CPU
		{BE486BCC-5EA1-48E2-B1CC-9D29D562F680}.Debug|Any CPU.Build.0 = Debug|Any CPU
		{BE486BCC-5EA1-48E2-B1CC-9D29D562F680}.Release|Any CPU.ActiveCfg = Release|Any CPU
		{BE486BCC-5EA1-48E2-B1CC-9D29D562F680}.Release|Any CPU.Build.0 = Release|Any CPU
		{E7E3B084-678E-4EA0-905F-55E92D840D3F}.Debug|Any CPU.ActiveCfg = Debug|Any CPU
		{E7E3B084-678E-4EA0-905F-55E92D840D3F}.Debug|Any CPU.Build.0 = Debug|Any CPU
		{E7E3B084-678E-4EA0-905F-55E92D840D3F}.Release|Any CPU.ActiveCfg = Release|Any CPU
		{E7E3B084-678E-4EA0-905F-55E92D840D3F}.Release|Any CPU.Build.0 = Release|Any CPU
		{252436A0-A606-43CF-94C2-D1AE7676D40E}.Debug|Any CPU.ActiveCfg = Debug|Any CPU
		{252436A0-A606-43CF-94C2-D1AE7676D40E}.Debug|Any CPU.Build.0 = Debug|Any CPU
		{252436A0-A606-43CF-94C2-D1AE7676D40E}.Release|Any CPU.ActiveCfg = Release|Any CPU
		{252436A0-A606-43CF-94C2-D1AE7676D40E}.Release|Any CPU.Build.0 = Release|Any CPU
		{DA9C25BE-2D80-489B-9602-FA34CB4A4812}.Debug|Any CPU.ActiveCfg = Debug|Any CPU
		{DA9C25BE-2D80-489B-9602-FA34CB4A4812}.Debug|Any CPU.Build.0 = Debug|Any CPU
		{DA9C25BE-2D80-489B-9602-FA34CB4A4812}.Release|Any CPU.ActiveCfg = Release|Any CPU
		{DA9C25BE-2D80-489B-9602-FA34CB4A4812}.Release|Any CPU.Build.0 = Release|Any CPU
	EndGlobalSection
	GlobalSection(SolutionProperties) = preSolution
		HideSolutionNode = FALSE
	EndGlobalSection
	GlobalSection(ExtensibilityGlobals) = postSolution
		SolutionGuid = {0B86A3BC-C6D8-4AD6-93C0-7DF00E20ECAB}
	EndGlobalSection
EndGlobal
